{
    "_meta": {
        "hash": {
            "sha256": "dc1110ea71864df40023e29ef3f15a8131b63dc72bd5f5de76f5c9252b2f5248"
        },
        "pipfile-spec": 6,
        "requires": {
            "python_version": "3.10"
        },
        "sources": [
            {
                "name": "pypi",
                "url": "https://pypi.org/simple",
                "verify_ssl": true
            }
        ]
    },
    "default": {
        "certifi": {
            "hashes": [
                "sha256:84c85a9078b11105f04f3036a9482ae10e4621616db313fe045dd24743a0820d",
                "sha256:fe86415d55e84719d75f8b69414f6438ac3547d2078ab91b67e779ef69378412"
            ],
            "markers": "python_version >= '3.6'",
            "version": "==2022.6.15"
        },
        "charset-normalizer": {
            "hashes": [
                "sha256:2857e29ff0d34db842cd7ca3230549d1a697f96ee6d3fb071cfa6c7393832597",
                "sha256:6881edbebdb17b39b4eaaa821b438bf6eddffb4468cf344f09f89def34a8b1df"
            ],
            "markers": "python_version >= '3.5'",
            "version": "==2.0.12"
        },
        "idna": {
            "hashes": [
                "sha256:84d9dd047ffa80596e0f246e2eab0b391788b0503584e8945f2368256d2735ff",
                "sha256:9d643ff0a55b762d5cdb124b8eaa99c66322e2157b69160bc32796e824360e6d"
            ],
            "markers": "python_version >= '3.5'",
            "version": "==3.3"
        },
        "petl": {
            "hashes": [
                "sha256:713407e5922edea565d180042bdb4e17961a2cb028bd24edac5518eab6a165df"
            ],
            "index": "pypi",
            "version": "==1.7.10"
        },
        "pymssql": {
            "hashes": [
                "sha256:00f5b7e22bf7eb0faa5c6693e02c00f10ecc89fe505bbe84d553352681c2a749",
                "sha256:1089cd5871daedc9918f8958605bbd2621006c29c06b571b419be53ea46c113a",
                "sha256:14dee37da84653d1e483236d51bc0545e6442e0642ee362526db6599fd3c1733",
                "sha256:15cc71762ec75a66bcb3751c2534ba4151b8512252b0377b842efec7cae6d953",
                "sha256:18eb4fcb55b67aaa2811e124eb8750fd84eeba1668a695908c6cc13682f6be5d",
                "sha256:20de2f718f3c99040637a0e7d3b81f22e62211bcac01fb65641b964e70f26e20",
                "sha256:29d647ef61641cebc0e16d4a549b3f793f32bab88e7ba7c7550772a7aba9dea3",
                "sha256:30c4ab08cff619c7fe4d309fa6a05219b343082a1f46ca368deab5841632b8bf",
                "sha256:395ec9e512a8d5b707aea8f516eebf51291b6fb6bc18fe4da88b222843bd4d46",
                "sha256:3b47c05da0fffd6dd77141c1c37975a8469334f63e6faf03f5eab6d83c9001cc",
                "sha256:45c1519c94f9915911075c95fc63d62ba612e152248093aa12b7e902499c6416",
                "sha256:45e9bba4870103363c865d2b867de8de082745dd753083f27927ded3d15df587",
                "sha256:49806c343a6dea5221e98cabed1532fdd14535c5e5bb183001e0ffad31e11032",
                "sha256:538a8e7ce255cabf093b25b72f8037b1d5fd3ba28b13a34c761a029840dc1880",
                "sha256:5b9f5ec7896fd2f19393cd564d8ef562b26692218a84088ce1b10e9fe1215032",
                "sha256:5e2cd5a6da441aa3e8ee13e8811f884791d77a4cb17028381543bf50d010c919",
                "sha256:6086f0b695b7ceb4603cdc2f66356a58e367a3f1828d1ca99255c4d92d1f0932",
                "sha256:633079e248cdefef2207c0a55608637d0f3410f53e5679c589b37ea7965a2cca",
                "sha256:6462017183f05ae231c3f84efce4e9a8d085b4a2e9e3ed5c407ee643494a0842",
                "sha256:6a013c82f7320c92039ac20db935e897a3fcd7423435705cef177f863dbb32e4",
                "sha256:6bb912b4681d55dce63f940becb7f4533661cfdb99cd6cd3daa7d7b5e285e977",
                "sha256:6bf813ea0e4a0bfbb53a3469125eed06635222ea729339403585fd45f18a7812",
                "sha256:72bbccdaf4938db7ff99db1f82ecdf6dc78778d8b7bbe6080590dd01024988de",
                "sha256:73b747261cdf8d69395823cf650cf143d618ada412cbec90a88e4d449e7fa7f8",
                "sha256:857411c308ecb584a3ca633be30f1971d2a8cc0bcd978709b1abf96ff43767ad",
                "sha256:8ac2b3213462f078671806702dfadb8e459923f0f5013d371febebf4caf598ba",
                "sha256:8b32ad436f293c8cbadc1ba3aaf2621ab82303d169b1ab6f30f55053640ab5b1",
                "sha256:8c5ad8d09f9035009ccb6f20bc9829ef60c03c436efb4b5c33af395c4030ea3d",
                "sha256:92262bf5d21b6d80e887d6fd0f03ab6337dad39b642b1887416cc67b1bd04cbf",
                "sha256:9969971117401096a8a7c1e08d84ea3d5d3f598ee482822583a44e2e6d3791d0",
                "sha256:9b707e5867bb49ad9d8945231112dfa3e9588b98f6f1248714d1f1af88321230",
                "sha256:9c90bc134a0c5c60e9acf651d87275c7e6dc6682981f62d574fa3dd441acb0f2",
                "sha256:ac80d1d11703120b986c604ddf4993c3dcbcbe907b04e34729c5aae2891399c0",
                "sha256:ac8d6b7e0dc97a9261b7500f086772ff5cf2bf9a0340d0aaee4dff5b217dd526",
                "sha256:b5dcb4e4ceb16592a5d9ea3868162f21e7c215dde5c5e7f992709696c84a69b0",
                "sha256:b691779a450ebbbb98cd2ad89ae9f17799b0bf0c9dd2e65b316efcc74246716e",
                "sha256:ba43efd1057018ab404c8603bbce643347b9165c08364df8a8c03d54dffc4453",
                "sha256:bb858c8a64990dd0145d874ef01af4b6fe39e9202ee0a74a8dff8285b801db21",
                "sha256:c0611a3ea2a7ac496df30506fd28e4f7389808c59743b2eac0069e89af7289b8",
                "sha256:c738d51181ab4b3332631644ef7b561543837d1d942a291f8bc36a9e2dfb65db",
                "sha256:cc523bfd26671346faccb1273b16a74dcdf1a8ac81c93c6bfebdb240e4d5a042",
                "sha256:ce9e7ed16793c72d28e80506abd59a06b594fc55fe24f6256b7007b5b5e26120",
                "sha256:da78a94908d42aa0f8af1b917c49c4dea38273035f81ea168b095e0b3ba8e486",
                "sha256:e0b1bcb8465d787d5141bfc02d98e1e507d02155848b1b5622528402760f5dbf",
                "sha256:e33770ad113a646a45e4fc75f30683e92c9b929431e12977f824d6c810f28162",
                "sha256:e373764cc81719f830b113ce6fee6849f2c4e5dfe1037804864b7dfb9946817e",
                "sha256:e42c7043c472d45db686ae67601c6680596a2f12ceaa99fb136e647d3d8cd643",
                "sha256:e9cce9c47e6d550992936f91f8f2e97a8f5132749bad1cd4f5f7923bf8732d1f",
                "sha256:ebb7867207cf4cd497ea1d01b42590ed1db3561ef3ab8e135239301b6ee2695e",
                "sha256:ed7c5e58cd0ffcf3448cc38dfd2a6011f657759fcae9509748320cd89a0b8d32",
                "sha256:fc245011aad9c018105193585469461c35fb35e7255b8e66fa27479f835742aa"
            ],
            "index": "pypi",
            "version": "==2.2.5"
        },
        "requests": {
            "hashes": [
                "sha256:bc7861137fbce630f17b03d3ad02ad0bf978c844f3536d0edda6499dafce2b6f",
                "sha256:d568723a7ebd25875d8d1eaf5dfa068cd2fc8194b2e483d7b1f7c81918dbec6b"
            ],
            "index": "pypi",
            "version": "==2.28.0"
        },
        "urllib3": {
            "hashes": [
                "sha256:44ece4d53fb1706f667c9bd1c648f5469a2ec925fcf3a776667042d645472c14",
                "sha256:aabaf16477806a5e1dd19aa41f8c2b7950dd3c746362d7e3223dbe6de6ac448e"
            ],
            "markers": "python_version >= '2.7' and python_version not in '3.0, 3.1, 3.2, 3.3, 3.4' and python_version < '4'",
            "version": "==1.26.9"
        }
    },
    "develop": {}
}
